{
  "requires": true,
  "lockfileVersion": 1,
  "dependencies": {
    "express-curl": {
      "version": "1.0.1",
      "resolved": "https://registry.npmjs.org/express-curl/-/express-curl-1.0.1.tgz",
      "integrity": "sha512-D2RVMdTU480i9jS9XURO6iI4UkHLT8r+yQfY5yD5Tsn8aONca1Av60Lauf5SWYW3ywEl/5MECN+5j0jlNbXNJw=="
    }
  }
}
